{
    "_readme": [
        "This file locks the dependencies of your project to a known state",
        "Read more about it at https://getcomposer.org/doc/01-basic-usage.md#installing-dependencies",
        "This file is @generated automatically"
    ],
    "content-hash": "4ba46c28543278beadfea7e9570a17b6",
    "packages": [
        {
            "name": "hoo-lt/wordpress-plugin-framework",
            "version": "dev-main",
            "source": {
                "type": "git",
                "url": "https://github.com/hoo-lt/wordpress-plugin-framework.git",
                "reference": "7286ebb214e56ffcc06dd4c31fce9eb80dfb97f2"
            },
            "dist": {
                "type": "zip",
                "url": "https://api.github.com/repos/hoo-lt/wordpress-plugin-framework/zipball/7286ebb214e56ffcc06dd4c31fce9eb80dfb97f2",
                "reference": "7286ebb214e56ffcc06dd4c31fce9eb80dfb97f2",
                "shasum": ""
            },
            "default-branch": true,
            "type": "library",
            "autoload": {
                "psr-4": {
                    "Hoo\\WordPressPluginFramework\\": "src/"
                }
            },
            "license": [
                "GPL-3.0"
            ],
            "authors": [
                {
                    "name": "Baltic digital agency, UAB",
                    "email": "hoo@hoo.lt"
                }
            ],
            "support": {
                "source": "https://github.com/hoo-lt/wordpress-plugin-framework/tree/main",
                "issues": "https://github.com/hoo-lt/wordpress-plugin-framework/issues"
            },
            "time": "2026-03-01T23:29:58+00:00"
        }
    ],
    "packages-dev": [],
    "aliases": [],
    "minimum-stability": "stable",
    "stability-flags": {
        "hoo-lt/wordpress-plugin-framework": 20
    },
    "prefer-stable": false,
    "prefer-lowest": false,
    "platform": {},
    "platform-dev": {},
    "plugin-api-version": "2.9.0"
}
